{
  "name": "synthetic-buddy",
  "version": "1.0.0",
  "lockfileVersion": 3,
  "requires": true,
  "packages": {
    "": {
      "name": "synthetic-buddy",
      "version": "1.0.0",
      "license": "ISC",
      "dependencies": {
        "@opencode-ai/sdk": "^1.1.26",
        "openai": "^6.16.0",
        "opencode-ai": "^1.1.26"
      }
    },
    "node_modules/@opencode-ai/sdk": {
      "version": "1.1.26",
      "resolved": "https://registry.npmjs.org/@opencode-ai/sdk/-/sdk-1.1.26.tgz",
      "integrity": "sha512-5s+yxNJy7DpWwDq0L//F2sqKERz4640DmDLyrRlFXmckx5prnzFl3liEOOTySOL2WaxgVwjYw8OBiT15v2mAgA==",
      "license": "MIT"
    },
    "node_modules/openai": {
      "version": "6.16.0",
      "resolved": "https://registry.npmjs.org/openai/-/openai-6.16.0.tgz",
      "integrity": "sha512-fZ1uBqjFUjXzbGc35fFtYKEOxd20kd9fDpFeqWtsOZWiubY8CZ1NAlXHW3iathaFvqmNtCWMIsosCuyeI7Joxg==",
      "license": "Apache-2.0",
      "bin": {
        "openai": "bin/cli"
      },
      "peerDependencies": {
        "ws": "^8.18.0",
        "zod": "^3.25 || ^4.0"
      },
      "peerDependenciesMeta": {
        "ws": {
          "optional": true
        },
        "zod": {
          "optional": true
        }
      }
    },
    "node_modules/opencode-ai": {
      "version": "1.1.26",
      "resolved": "https://registry.npmjs.org/opencode-ai/-/opencode-ai-1.1.26.tgz",
      "integrity": "sha512-vBtWnrGlc5iuejcUenEBZ3FqzvQlEWNmkpz9jjzELiNiZkZHOCgzNMD+rh2bu59TpSwr7L36g08vSU/B4ts8Uw==",
      "hasInstallScript": true,
      "bin": {
        "opencode": "bin/opencode"
      },
      "optionalDependencies": {
        "opencode-darwin-arm64": "1.1.26",
        "opencode-darwin-x64": "1.1.26",
        "opencode-darwin-x64-baseline": "1.1.26",
        "opencode-linux-arm64": "1.1.26",
        "opencode-linux-arm64-musl": "1.1.26",
        "opencode-linux-x64": "1.1.26",
        "opencode-linux-x64-baseline": "1.1.26",
        "opencode-linux-x64-baseline-musl": "1.1.26",
        "opencode-linux-x64-musl": "1.1.26",
        "opencode-windows-x64": "1.1.26",
        "opencode-windows-x64-baseline": "1.1.26"
      }
    },
    "node_modules/opencode-darwin-arm64": {
      "version": "1.1.26",
      "resolved": "https://registry.npmjs.org/opencode-darwin-arm64/-/opencode-darwin-arm64-1.1.26.tgz",
      "integrity": "sha512-vM75V90nRfrFIkaGdibX5QQtxsdkGIztZZtKdGfcClYwE8hwUimbec9FDICzYvOIMpp4WGbsdSezjR1O18YBeQ==",
      "cpu": [
        "arm64"
      ],
      "optional": true,
      "os": [
        "darwin"
      ]
    },
    "node_modules/opencode-darwin-x64": {
      "version": "1.1.26",
      "resolved": "https://registry.npmjs.org/opencode-darwin-x64/-/opencode-darwin-x64-1.1.26.tgz",
      "integrity": "sha512-YApGjvgn/mEL6MLKQoOkMVmAgNpdjcEBmhRFMV3VhUg4WQVWv34QnOetTLl4j8o4gYyhlDq+42M2fXyvN7T7Fg==",
      "cpu": [
        "x64"
      ],
      "optional": true,
      "os": [
        "darwin"
      ]
    },
    "node_modules/opencode-darwin-x64-baseline": {
      "version": "1.1.26",
      "resolved": "https://registry.npmjs.org/opencode-darwin-x64-baseline/-/opencode-darwin-x64-baseline-1.1.26.tgz",
      "integrity": "sha512-UAVx+Sss0ETaAq90kWMmoQlbZUL/OY/eL8YKNf2BbzPwHezk6ZG1VoXI1E1Dfi5nhQqBV3KodLsASll7qdB+TQ==",
      "cpu": [
        "x64"
      ],
      "optional": true,
      "os": [
        "darwin"
      ]
    },
    "node_modules/opencode-linux-arm64": {
      "version": "1.1.26",
      "resolved": "https://registry.npmjs.org/opencode-linux-arm64/-/opencode-linux-arm64-1.1.26.tgz",
      "integrity": "sha512-bGSPYJ9AwVkOLuCyvvEbBVUQ54ORfhN3Hgr1OLDoRB25UavtrJsEeT1H19J0pVU0cEMpN7+NsJj597TbDidzxA==",
      "cpu": [
        "arm64"
      ],
      "optional": true,
      "os": [
        "linux"
      ]
    },
    "node_modules/opencode-linux-arm64-musl": {
      "version": "1.1.26",
      "resolved": "https://registry.npmjs.org/opencode-linux-arm64-musl/-/opencode-linux-arm64-musl-1.1.26.tgz",
      "integrity": "sha512-t8LKg0gJHLX4ZzD451cLnqb6QsVo2wnJ8tramA2VsQvvSwsjgBkmxHMti1WB84/fIutjwWWhdFMOD2QQZMnRow==",
      "cpu": [
        "arm64"
      ],
      "optional": true,
      "os": [
        "linux"
      ]
    },
    "node_modules/opencode-linux-x64": {
      "version": "1.1.26",
      "resolved": "https://registry.npmjs.org/opencode-linux-x64/-/opencode-linux-x64-1.1.26.tgz",
      "integrity": "sha512-LZhc1TrVTSbsOdzQCIR8hi8Cidu0cvsS6ayBhcdxWzwcZFLuEAZf70o4x6fK55q4OiIqVLJIrMkXaQoLaIYIXw==",
      "cpu": [
        "x64"
      ],
      "optional": true,
      "os": [
        "linux"
      ]
    },
    "node_modules/opencode-linux-x64-baseline": {
      "version": "1.1.26",
      "resolved": "https://registry.npmjs.org/opencode-linux-x64-baseline/-/opencode-linux-x64-baseline-1.1.26.tgz",
      "integrity": "sha512-evSqpIpkxVGSLKUDuT8DgcdUPck7+SVbQKC130ZA6u3LmU1SBIaQxmToDejgEnwBfzK7CnJ90yLihBwyvLKCXQ==",
      "cpu": [
        "x64"
      ],
      "optional": true,
      "os": [
        "linux"
      ]
    },
    "node_modules/opencode-linux-x64-baseline-musl": {
      "version": "1.1.26",
      "resolved": "https://registry.npmjs.org/opencode-linux-x64-baseline-musl/-/opencode-linux-x64-baseline-musl-1.1.26.tgz",
      "integrity": "sha512-yvD29QZM+gIPqnBfZqle+QHtapbDxBqJwEY5zVpXvCL2eNqlUG/bZlxj204uDnyvIvjChPnEPN/Jfkmcaarjpw==",
      "cpu": [
        "x64"
      ],
      "optional": true,
      "os": [
        "linux"
      ]
    },
    "node_modules/opencode-linux-x64-musl": {
      "version": "1.1.26",
      "resolved": "https://registry.npmjs.org/opencode-linux-x64-musl/-/opencode-linux-x64-musl-1.1.26.tgz",
      "integrity": "sha512-9+Sr+uKeScM7iv3La4+O7AOxcdpsFUFC0pzAhAydwNW1Lr6P426BlyBbrAKeNIVK8W/S1pTdPimEMWcN5NzEoQ==",
      "cpu": [
        "x64"
      ],
      "optional": true,
      "os": [
        "linux"
      ]
    },
    "node_modules/opencode-windows-x64": {
      "version": "1.1.26",
      "resolved": "https://registry.npmjs.org/opencode-windows-x64/-/opencode-windows-x64-1.1.26.tgz",
      "integrity": "sha512-xdo+RYDOMZTqcxid4PI+HQUBgkLhAE46aaxtGzcVyEZYjW6XfjAJivzuiJASUjNnL8+ea624bxnLTg4wZCI5jA==",
      "cpu": [
        "x64"
      ],
      "optional": true,
      "os": [
        "win32"
      ]
    },
    "node_modules/opencode-windows-x64-baseline": {
      "version": "1.1.26",
      "resolved": "https://registry.npmjs.org/opencode-windows-x64-baseline/-/opencode-windows-x64-baseline-1.1.26.tgz",
      "integrity": "sha512-tWX4XKOCaG425DkIWmne9Y+nMnOfFP1LwvgVjz8IEZByDLkpU2/Hi+DLPs3r7Sy9kwzNUOoCRATZ0qFc3nF/oQ==",
      "cpu": [
        "x64"
      ],
      "optional": true,
      "os": [
        "win32"
      ]
    }
  }
}
